<?xml version="1.0" encoding="utf-8"?>
<Project ToolsVersion="4.0" xmlns="http://schemas.microsoft.com/developer/msbuild/2003">
  <ItemGroup>
    <ClCompile Include="Source\Main.cpp" />
    <ClCompile Include="Source\Window.cpp" />
    <ClCompile Include="Source\Vulkan\Renderer.cpp">
      <Filter>Vulkan</Filter>
    </ClCompile>
    <ClCompile Include="Source\Vulkan\Context.cpp">
      <Filter>Vulkan</Filter>
    </ClCompile>
    <ClCompile Include="Source\Vulkan\Swapchain.cpp">
      <Filter>Vulkan</Filter>
    </ClCompile>
    <ClCompile Include="Source\Vulkan\Pipeline.cpp">
      <Filter>Vulkan</Filter>
    </ClCompile>
    <ClCompile Include="Source\Vulkan\Shader.cpp">
      <Filter>Vulkan</Filter>
    </ClCompile>
    <ClCompile Include="Source\Vulkan\Buffers.cpp">
      <Filter>Vulkan</Filter>
    </ClCompile>
    <ClCompile Include="Source\Vulkan\Semaphores.cpp">
      <Filter>Vulkan</Filter>
    </ClCompile>
    <ClCompile Include="Source\Vulkan\Texture.cpp">
      <Filter>Vulkan</Filter>
    </ClCompile>
    <ClCompile Include="Source\Vulkan\Model.cpp">
      <Filter>Vulkan</Filter>
    </ClCompile>
  </ItemGroup>
  <ItemGroup>
    <ClInclude Include="Source\Window.hpp" />
    <ClInclude Include="Source\Vulkan\Renderer.hpp">
      <Filter>Vulkan</Filter>
    </ClInclude>
    <ClInclude Include="Source\Vulkan\Context.hpp">
      <Filter>Vulkan</Filter>
    </ClInclude>
    <ClInclude Include="Source\Vulkan\Swapchain.hpp">
      <Filter>Vulkan</Filter>
    </ClInclude>
    <ClInclude Include="Source\Vulkan\Pipeline.hpp">
      <Filter>Vulkan</Filter>
    </ClInclude>
    <ClInclude Include="Source\Vulkan\Shader.hpp">
      <Filter>Vulkan</Filter>
    </ClInclude>
    <ClInclude Include="Source\Vulkan\Buffers.hpp">
      <Filter>Vulkan</Filter>
    </ClInclude>
    <ClInclude Include="Source\Vulkan\Semaphores.hpp">
      <Filter>Vulkan</Filter>
    </ClInclude>
    <ClInclude Include="Source\Vulkan\Texture.hpp">
      <Filter>Vulkan</Filter>
    </ClInclude>
    <ClInclude Include="Source\Vulkan\Model.hpp">
      <Filter>Vulkan</Filter>
    </ClInclude>
  </ItemGroup>
  <ItemGroup>
    <Filter Include="Vulkan">
      <UniqueIdentifier>{380ac122-f727-4698-98e3-c56375aa598c}</UniqueIdentifier>
    </Filter>
  </ItemGroup>
</Project>