<?xml version="1.0" encoding="utf-8"?>
<Project ToolsVersion="4.0" xmlns="http://schemas.microsoft.com/developer/msbuild/2003">
  <ItemGroup>
    <ClCompile Include="Source\Game.cpp" />
    <ClCompile Include="Source\Camera.cpp" />
    <ClCompile Include="Source\Input.cpp" />
    <ClCompile Include="Source\Transform.cpp" />
    <ClCompile Include="Source\Renderer\Buffers.cpp">
      <Filter>Renderer</Filter>
    </ClCompile>
    <ClCompile Include="Source\Renderer\Context.cpp">
      <Filter>Renderer</Filter>
    </ClCompile>
    <ClCompile Include="Source\Renderer\Descriptor.cpp">
      <Filter>Renderer</Filter>
    </ClCompile>
    <ClCompile Include="Source\Renderer\Material.cpp">
      <Filter>Renderer</Filter>
    </ClCompile>
    <ClCompile Include="Source\Renderer\Model.cpp">
      <Filter>Renderer</Filter>
    </ClCompile>
    <ClCompile Include="Source\Renderer\Renderer.cpp">
      <Filter>Renderer</Filter>
    </ClCompile>
    <ClCompile Include="Source\Renderer\Semaphores.cpp">
      <Filter>Renderer</Filter>
    </ClCompile>
    <ClCompile Include="Source\Renderer\Shader.cpp">
      <Filter>Renderer</Filter>
    </ClCompile>
    <ClCompile Include="Source\Renderer\Texture.cpp">
      <Filter>Renderer</Filter>
    </ClCompile>
    <ClCompile Include="Source\Renderer\LightingPass\LightingPipeline.cpp">
      <Filter>Renderer\LightingPass</Filter>
    </ClCompile>
    <ClCompile Include="Source\Renderer\LightingPass\Swapchain.cpp">
      <Filter>Renderer\LightingPass</Filter>
    </ClCompile>
    <ClCompile Include="Source\Renderer\GeometryPass\GeometryBuffer.cpp">
      <Filter>Renderer\GeometryPass</Filter>
    </ClCompile>
    <ClCompile Include="Source\Renderer\GeometryPass\GeometryPipeline.cpp">
      <Filter>Renderer\GeometryPass</Filter>
    </ClCompile>
    <ClCompile Include="Source\Renderer\ShadowPass\ShadowPipeline.cpp">
      <Filter>Renderer\ShadowPass</Filter>
    </ClCompile>
    <ClCompile Include="Source\Window.cpp" />
    <ClCompile Include="Source\Renderer\Light.cpp">
      <Filter>Renderer</Filter>
    </ClCompile>
  </ItemGroup>
  <ItemGroup>
    <ClInclude Include="Source\Game.hpp" />
    <ClInclude Include="Source\Camera.hpp" />
    <ClInclude Include="Source\Input.hpp" />
    <ClInclude Include="Source\Transform.hpp" />
    <ClInclude Include="Source\Renderer\Buffers.hpp">
      <Filter>Renderer</Filter>
    </ClInclude>
    <ClInclude Include="Source\Renderer\Context.hpp">
      <Filter>Renderer</Filter>
    </ClInclude>
    <ClInclude Include="Source\Renderer\Descriptor.hpp">
      <Filter>Renderer</Filter>
    </ClInclude>
    <ClInclude Include="Source\Renderer\Material.hpp">
      <Filter>Renderer</Filter>
    </ClInclude>
    <ClInclude Include="Source\Renderer\Model.hpp">
      <Filter>Renderer</Filter>
    </ClInclude>
    <ClInclude Include="Source\Renderer\Renderer.hpp">
      <Filter>Renderer</Filter>
    </ClInclude>
    <ClInclude Include="Source\Renderer\Semaphores.hpp">
      <Filter>Renderer</Filter>
    </ClInclude>
    <ClInclude Include="Source\Renderer\Shader.hpp">
      <Filter>Renderer</Filter>
    </ClInclude>
    <ClInclude Include="Source\Renderer\Texture.hpp">
      <Filter>Renderer</Filter>
    </ClInclude>
    <ClInclude Include="Source\Renderer\LightingPass\LightingPipeline.hpp">
      <Filter>Renderer\LightingPass</Filter>
    </ClInclude>
    <ClInclude Include="Source\Renderer\LightingPass\Swapchain.hpp">
      <Filter>Renderer\LightingPass</Filter>
    </ClInclude>
    <ClInclude Include="Source\Renderer\GeometryPass\GeometryBuffer.hpp">
      <Filter>Renderer\GeometryPass</Filter>
    </ClInclude>
    <ClInclude Include="Source\Renderer\GeometryPass\GeometryPipeline.hpp">
      <Filter>Renderer\GeometryPass</Filter>
    </ClInclude>
    <ClInclude Include="Source\Renderer\ShadowPass\ShadowPipeline.hpp">
      <Filter>Renderer\ShadowPass</Filter>
    </ClInclude>
    <ClInclude Include="Source\Window.hpp" />
    <ClInclude Include="Source\Renderer\Light.hpp">
      <Filter>Renderer</Filter>
    </ClInclude>
  </ItemGroup>
  <ItemGroup>
    <Filter Include="Renderer">
      <UniqueIdentifier>{d7c2560c-afc7-4cb8-a3f6-b189e96fcdd9}</UniqueIdentifier>
    </Filter>
    <Filter Include="Renderer\ShadowPass">
      <UniqueIdentifier>{0ac9cfdd-45b7-483e-a29c-487361a96e7b}</UniqueIdentifier>
    </Filter>
    <Filter Include="Renderer\GeometryPass">
      <UniqueIdentifier>{37511d80-b5fc-4f0b-a321-11f53abae521}</UniqueIdentifier>
    </Filter>
    <Filter Include="Renderer\LightingPass">
      <UniqueIdentifier>{34ddfa2c-270c-43aa-ba9d-ed18c92660c8}</UniqueIdentifier>
    </Filter>
  </ItemGroup>
</Project>