<?xml version="1.0" encoding="utf-8"?>
<Project ToolsVersion="4.0" xmlns="http://schemas.microsoft.com/developer/msbuild/2003">
  <ItemGroup>
    <ClCompile Include="Source\Main.cpp" />
    <ClCompile Include="Source\Logic\Camera.cpp">
      <Filter>Logic</Filter>
    </ClCompile>
    <ClCompile Include="Source\Logic\Transform.cpp">
      <Filter>Logic</Filter>
    </ClCompile>
    <ClCompile Include="Source\Logic\Input.cpp">
      <Filter>Logic</Filter>
    </ClCompile>
    <ClCompile Include="Source\Graphics\Buffers.cpp">
      <Filter>Graphics</Filter>
    </ClCompile>
    <ClCompile Include="Source\Graphics\Context.cpp">
      <Filter>Graphics</Filter>
    </ClCompile>
    <ClCompile Include="Source\Graphics\Model.cpp">
      <Filter>Graphics</Filter>
    </ClCompile>
    <ClCompile Include="Source\Graphics\Renderer.cpp">
      <Filter>Graphics</Filter>
    </ClCompile>
    <ClCompile Include="Source\Graphics\Semaphores.cpp">
      <Filter>Graphics</Filter>
    </ClCompile>
    <ClCompile Include="Source\Graphics\Shader.cpp">
      <Filter>Graphics</Filter>
    </ClCompile>
    <ClCompile Include="Source\Graphics\Texture.cpp">
      <Filter>Graphics</Filter>
    </ClCompile>
    <ClCompile Include="Source\Graphics\Material.cpp">
      <Filter>Graphics</Filter>
    </ClCompile>
    <ClCompile Include="Source\Graphics\Window.cpp">
      <Filter>Graphics</Filter>
    </ClCompile>
    <ClCompile Include="Source\Graphics\Descriptor.cpp">
      <Filter>Graphics</Filter>
    </ClCompile>
    <ClCompile Include="Source\Graphics\GeometryPass\GeometryPipeline.cpp">
      <Filter>Graphics\GeometryPass</Filter>
    </ClCompile>
    <ClCompile Include="Source\Graphics\GeometryPass\GeometryBuffer.cpp">
      <Filter>Graphics\GeometryPass</Filter>
    </ClCompile>
    <ClCompile Include="Source\Graphics\LightingPass\LightingPipeline.cpp">
      <Filter>Graphics\LightingPass</Filter>
    </ClCompile>
    <ClCompile Include="Source\Graphics\LightingPass\Swapchain.cpp">
      <Filter>Graphics\LightingPass</Filter>
    </ClCompile>
  </ItemGroup>
  <ItemGroup>
    <ClInclude Include="Source\Logic\Camera.hpp">
      <Filter>Logic</Filter>
    </ClInclude>
    <ClInclude Include="Source\Logic\Transform.hpp">
      <Filter>Logic</Filter>
    </ClInclude>
    <ClInclude Include="Source\Logic\Input.hpp">
      <Filter>Logic</Filter>
    </ClInclude>
    <ClInclude Include="Source\Graphics\Buffers.hpp">
      <Filter>Graphics</Filter>
    </ClInclude>
    <ClInclude Include="Source\Graphics\Context.hpp">
      <Filter>Graphics</Filter>
    </ClInclude>
    <ClInclude Include="Source\Graphics\Model.hpp">
      <Filter>Graphics</Filter>
    </ClInclude>
    <ClInclude Include="Source\Graphics\Renderer.hpp">
      <Filter>Graphics</Filter>
    </ClInclude>
    <ClInclude Include="Source\Graphics\Semaphores.hpp">
      <Filter>Graphics</Filter>
    </ClInclude>
    <ClInclude Include="Source\Graphics\Shader.hpp">
      <Filter>Graphics</Filter>
    </ClInclude>
    <ClInclude Include="Source\Graphics\Texture.hpp">
      <Filter>Graphics</Filter>
    </ClInclude>
    <ClInclude Include="Source\Graphics\Material.hpp">
      <Filter>Graphics</Filter>
    </ClInclude>
    <ClInclude Include="Source\Graphics\Window.hpp">
      <Filter>Graphics</Filter>
    </ClInclude>
    <ClInclude Include="Source\Graphics\Descriptor.hpp">
      <Filter>Graphics</Filter>
    </ClInclude>
    <ClInclude Include="Source\Graphics\GeometryPass\GeometryPipeline.hpp">
      <Filter>Graphics\GeometryPass</Filter>
    </ClInclude>
    <ClInclude Include="Source\Graphics\GeometryPass\GeometryBuffer.hpp">
      <Filter>Graphics\GeometryPass</Filter>
    </ClInclude>
    <ClInclude Include="Source\Graphics\LightingPass\LightingPipeline.hpp">
      <Filter>Graphics\LightingPass</Filter>
    </ClInclude>
    <ClInclude Include="Source\Graphics\LightingPass\Swapchain.hpp">
      <Filter>Graphics\LightingPass</Filter>
    </ClInclude>
  </ItemGroup>
  <ItemGroup>
    <Filter Include="Logic">
      <UniqueIdentifier>{0f19471b-5c11-4d02-b232-87955c3f59c5}</UniqueIdentifier>
    </Filter>
    <Filter Include="Graphics">
      <UniqueIdentifier>{d7c2560c-afc7-4cb8-a3f6-b189e96fcdd9}</UniqueIdentifier>
    </Filter>
    <Filter Include="Graphics\GeometryPass">
      <UniqueIdentifier>{6c8e0cbe-3373-4115-9a3d-3f80f23bb273}</UniqueIdentifier>
    </Filter>
    <Filter Include="Graphics\LightingPass">
      <UniqueIdentifier>{9020433c-2c08-4b97-a470-3e5223787a22}</UniqueIdentifier>
    </Filter>
  </ItemGroup>
</Project>